<?xml version="1.0" encoding="utf-8"?>
<Project ToolsVersion="4.0" xmlns="http://schemas.microsoft.com/developer/msbuild/2003">
  <ItemGroup>
    <Filter Include="Source Files">
      <UniqueIdentifier>{4FC737F1-C7A5-4376-A066-2A32D752A2FF}</UniqueIdentifier>
      <Extensions>cpp;c;cc;cxx;def;odl;idl;hpj;bat;asm;asmx</Extensions>
    </Filter>
    <Filter Include="Header Files">
      <UniqueIdentifier>{93995380-89BD-4b04-88EB-625FBE52EBFB}</UniqueIdentifier>
      <Extensions>h;hh;hpp;hxx;hm;inl;inc;xsd</Extensions>
    </Filter>
    <Filter Include="Header Files\Interfaces">
      <UniqueIdentifier>{4feede45-6786-4609-9782-2f55402eb1c5}</UniqueIdentifier>
    </Filter>
    <Filter Include="Header Files\Interfaces\g_chclient">
      <UniqueIdentifier>{c901b280-0cd7-470f-b649-c845439303d6}</UniqueIdentifier>
    </Filter>
    <Filter Include="Header Files\Valve">
      <UniqueIdentifier>{daf557b2-7a23-4968-816d-bf6a986828b3}</UniqueIdentifier>
    </Filter>
    <Filter Include="Header Files\Utilities">
      <UniqueIdentifier>{d0159cc2-85a3-47e4-af32-65d90c4dbc2f}</UniqueIdentifier>
    </Filter>
    <Filter Include="Header Files\Utilities\g">
      <UniqueIdentifier>{ff12d55b-9ccb-4bd7-a27e-14640633a0cc}</UniqueIdentifier>
    </Filter>
    <Filter Include="Header Files\Utilities\g_exception">
      <UniqueIdentifier>{1192f9b7-2676-4dd9-830a-61c300bdcaa5}</UniqueIdentifier>
    </Filter>
    <Filter Include="Header Files\Utilities\g_console">
      <UniqueIdentifier>{ca004c0b-c530-417f-88e4-c9ebcfcd2854}</UniqueIdentifier>
    </Filter>
    <Filter Include="Header Files\Utilities\g_hook">
      <UniqueIdentifier>{9d17ee36-3f8c-4809-9386-9c02278a71d0}</UniqueIdentifier>
    </Filter>
    <Filter Include="Header Files\Utilities\g_netvar">
      <UniqueIdentifier>{ba433553-e6dd-4c3b-bc3d-4523d546578d}</UniqueIdentifier>
    </Filter>
    <Filter Include="Header Files\Interfaces\g_interfacegrabber">
      <UniqueIdentifier>{a251fd7e-992f-415e-8e2a-32da822b0d24}</UniqueIdentifier>
    </Filter>
    <Filter Include="Header Files\Interfaces\g_cliententitylist">
      <UniqueIdentifier>{80697033-9aaf-453a-a2c9-d1f5311aeabe}</UniqueIdentifier>
    </Filter>
    <Filter Include="Header Files\Interfaces\g_engineclient">
      <UniqueIdentifier>{357a4e93-d677-48d9-851c-4d0846f30c5e}</UniqueIdentifier>
    </Filter>
    <Filter Include="Header Files\Interfaces\g_prediction">
      <UniqueIdentifier>{14ceb857-4507-47b7-8b2b-5fb32424d695}</UniqueIdentifier>
    </Filter>
    <Filter Include="Header Files\Interfaces\g_modeldata">
      <UniqueIdentifier>{2b9ec0fb-3730-4889-b7ad-14cb1e817bc8}</UniqueIdentifier>
    </Filter>
    <Filter Include="Header Files\Interfaces\g_panel">
      <UniqueIdentifier>{206c406e-e30e-4d27-b46f-9bc726bd3fc3}</UniqueIdentifier>
    </Filter>
    <Filter Include="Header Files\Interfaces\g_cvar">
      <UniqueIdentifier>{ba8dd8c1-51f3-473b-a963-805aadac97c0}</UniqueIdentifier>
    </Filter>
    <Filter Include="Header Files\Interfaces\g_surface">
      <UniqueIdentifier>{07230a8f-15f9-4d74-8e90-db9e1efba04e}</UniqueIdentifier>
    </Filter>
    <Filter Include="Header Files\Interfaces\g_trace">
      <UniqueIdentifier>{025d534f-bcbb-484e-b4ee-5395dd231eff}</UniqueIdentifier>
    </Filter>
    <Filter Include="Header Files\Utilities\g_math">
      <UniqueIdentifier>{9409852f-116f-46e2-85e2-f4a843fe4300}</UniqueIdentifier>
    </Filter>
    <Filter Include="Header Files\Utilities\g_math\Vector">
      <UniqueIdentifier>{7116619a-52f6-46d8-b770-09b26927da3c}</UniqueIdentifier>
    </Filter>
    <Filter Include="Header Files\Utilities\g_math\Angle">
      <UniqueIdentifier>{20c8679a-95a6-41bc-909c-0b1b039ad38f}</UniqueIdentifier>
    </Filter>
    <Filter Include="Header Files\Utilities\g_math\Color">
      <UniqueIdentifier>{96ca09f2-34ba-485e-8927-e0868b6b1dc4}</UniqueIdentifier>
    </Filter>
    <Filter Include="Header Files\Hooks">
      <UniqueIdentifier>{5bb20523-d800-42f7-ae63-aa68c82b39ea}</UniqueIdentifier>
    </Filter>
    <Filter Include="Header Files\Interfaces\g_debugoverlay">
      <UniqueIdentifier>{299d2226-d3bb-4c48-8aaa-3a4b7aa1d562}</UniqueIdentifier>
    </Filter>
    <Filter Include="Header Files\Interfaces\g_lua">
      <UniqueIdentifier>{50671957-9fff-4a87-a417-9cf4c243a4d7}</UniqueIdentifier>
    </Filter>
  </ItemGroup>
  <ItemGroup>
    <ClCompile Include="..\SRC\Main.cpp">
      <Filter>Source Files</Filter>
    </ClCompile>
    <ClCompile Include="..\SRC\Utilities\g\g.cpp">
      <Filter>Header Files\Utilities\g</Filter>
    </ClCompile>
    <ClCompile Include="..\SRC\Utilities\g_exception\g_exception.cpp">
      <Filter>Header Files\Utilities\g_exception</Filter>
    </ClCompile>
    <ClCompile Include="..\SRC\Utilities\g_console\g_console.cpp">
      <Filter>Header Files\Utilities\g_console</Filter>
    </ClCompile>
    <ClCompile Include="..\SRC\Utilities\g_hook\g_hook.cpp">
      <Filter>Header Files\Utilities\g_hook</Filter>
    </ClCompile>
    <ClCompile Include="..\SRC\Utilities\g_netvar\g_netvar.cpp">
      <Filter>Header Files\Utilities\g_netvar</Filter>
    </ClCompile>
    <ClCompile Include="..\SRC\Utilities\g_netvar\g_netvaroffsets.cpp">
      <Filter>Header Files\Utilities\g_netvar</Filter>
    </ClCompile>
    <ClCompile Include="..\SRC\Interfaces\g_chclient\g_chclient.cpp">
      <Filter>Header Files\Interfaces\g_chclient</Filter>
    </ClCompile>
    <ClCompile Include="..\SRC\Interfaces\g_interfacegrabber\g_interfacegrabber.cpp">
      <Filter>Header Files\Interfaces\g_interfacegrabber</Filter>
    </ClCompile>
    <ClCompile Include="..\SRC\Interfaces\g_cliententitylist\g_cliententitylist.cpp">
      <Filter>Header Files\Interfaces\g_cliententitylist</Filter>
    </ClCompile>
    <ClCompile Include="..\SRC\Interfaces\g_engineclient\g_engineclient.cpp">
      <Filter>Header Files\Interfaces\g_engineclient</Filter>
    </ClCompile>
    <ClCompile Include="..\SRC\Interfaces\g_prediction\g_prediction.cpp">
      <Filter>Header Files\Interfaces\g_prediction</Filter>
    </ClCompile>
    <ClCompile Include="..\SRC\Interfaces\g_modeldata\g_modeldata.cpp">
      <Filter>Header Files\Interfaces\g_modeldata</Filter>
    </ClCompile>
    <ClCompile Include="..\SRC\Interfaces\g_panel\g_panel.cpp">
      <Filter>Header Files\Interfaces\g_panel</Filter>
    </ClCompile>
    <ClCompile Include="..\SRC\Interfaces\g_surface\g_surface.cpp">
      <Filter>Header Files\Interfaces\g_surface</Filter>
    </ClCompile>
    <ClCompile Include="..\SRC\Interfaces\g_trace\g_trace.cpp">
      <Filter>Header Files\Interfaces\g_trace</Filter>
    </ClCompile>
    <ClCompile Include="..\SRC\Utilities\g_math\g_math.cpp">
      <Filter>Header Files\Utilities\g_math</Filter>
    </ClCompile>
    <ClCompile Include="..\SRC\Interfaces\g_cvar\g_cvar.cpp">
      <Filter>Header Files\Interfaces\g_cvar</Filter>
    </ClCompile>
    <ClCompile Include="..\SRC\Interfaces\g_debugoverlay\g_debugoverlay.cpp">
      <Filter>Header Files\Interfaces\g_debugoverlay</Filter>
    </ClCompile>
    <ClCompile Include="..\SRC\Interfaces\g_lua\g_lua.cpp">
      <Filter>Header Files\Interfaces\g_lua</Filter>
    </ClCompile>
  </ItemGroup>
  <ItemGroup>
    <ClInclude Include="..\SRC\sdk.h">
      <Filter>Header Files</Filter>
    </ClInclude>
    <ClInclude Include="..\SRC\Utilities\g_utillist.h">
      <Filter>Header Files\Utilities</Filter>
    </ClInclude>
    <ClInclude Include="..\SRC\Utilities\g\g.h">
      <Filter>Header Files\Utilities\g</Filter>
    </ClInclude>
    <ClInclude Include="..\SRC\Utilities\g_exception\g_exception.h">
      <Filter>Header Files\Utilities\g_exception</Filter>
    </ClInclude>
    <ClInclude Include="..\SRC\Utilities\g_console\g_console.h">
      <Filter>Header Files\Utilities\g_console</Filter>
    </ClInclude>
    <ClInclude Include="..\SRC\Utilities\g_hook\g_hook.h">
      <Filter>Header Files\Utilities\g_hook</Filter>
    </ClInclude>
    <ClInclude Include="..\SRC\Interfaces\g_interfacelist.h">
      <Filter>Header Files\Interfaces</Filter>
    </ClInclude>
    <ClInclude Include="..\SRC\Utilities\g_netvar\g_netvar.h">
      <Filter>Header Files\Utilities\g_netvar</Filter>
    </ClInclude>
    <ClInclude Include="..\SRC\Valve\bspflags.h">
      <Filter>Header Files\Valve</Filter>
    </ClInclude>
    <ClInclude Include="..\SRC\Valve\dt_common.h">
      <Filter>Header Files\Valve</Filter>
    </ClInclude>
    <ClInclude Include="..\SRC\Valve\dt_recv.h">
      <Filter>Header Files\Valve</Filter>
    </ClInclude>
    <ClInclude Include="..\SRC\Utilities\g_netvar\g_netvaroffsets.h">
      <Filter>Header Files\Utilities\g_netvar</Filter>
    </ClInclude>
    <ClInclude Include="..\SRC\Interfaces\g_chclient\g_chclient.h">
      <Filter>Header Files\Interfaces\g_chclient</Filter>
    </ClInclude>
    <ClInclude Include="..\SRC\Interfaces\g_interfacegrabber\g_interfacegrabber.h">
      <Filter>Header Files\Interfaces\g_interfacegrabber</Filter>
    </ClInclude>
    <ClInclude Include="..\SRC\Interfaces\g_cliententitylist\g_cliententitylist.h">
      <Filter>Header Files\Interfaces\g_cliententitylist</Filter>
    </ClInclude>
    <ClInclude Include="..\SRC\Interfaces\g_engineclient\g_engineclient.h">
      <Filter>Header Files\Interfaces\g_engineclient</Filter>
    </ClInclude>
    <ClInclude Include="..\SRC\Interfaces\g_prediction\g_prediction.h">
      <Filter>Header Files\Interfaces\g_prediction</Filter>
    </ClInclude>
    <ClInclude Include="..\SRC\Interfaces\g_modeldata\g_modeldata.h">
      <Filter>Header Files\Interfaces\g_modeldata</Filter>
    </ClInclude>
    <ClInclude Include="..\SRC\Interfaces\g_panel\g_panel.h">
      <Filter>Header Files\Interfaces\g_panel</Filter>
    </ClInclude>
    <ClInclude Include="..\SRC\Interfaces\g_cvar\g_cvar.h">
      <Filter>Header Files\Interfaces\g_cvar</Filter>
    </ClInclude>
    <ClInclude Include="..\SRC\Interfaces\g_surface\g_surface.h">
      <Filter>Header Files\Interfaces\g_surface</Filter>
    </ClInclude>
    <ClInclude Include="..\SRC\Interfaces\g_trace\g_trace.h">
      <Filter>Header Files\Interfaces\g_trace</Filter>
    </ClInclude>
    <ClInclude Include="..\SRC\Utilities\g_math\g_math.h">
      <Filter>Header Files\Utilities\g_math</Filter>
    </ClInclude>
    <ClInclude Include="..\SRC\Utilities\g_math\g_vector.h">
      <Filter>Header Files\Utilities\g_math\Vector</Filter>
    </ClInclude>
    <ClInclude Include="..\SRC\Utilities\g_math\g_angle.h">
      <Filter>Header Files\Utilities\g_math\Angle</Filter>
    </ClInclude>
    <ClInclude Include="..\SRC\Utilities\g_math\g_color.h">
      <Filter>Header Files\Utilities\g_math\Color</Filter>
    </ClInclude>
    <ClInclude Include="..\SRC\Interfaces\g_debugoverlay\g_debugoverlay.h">
      <Filter>Header Files\Interfaces\g_debugoverlay</Filter>
    </ClInclude>
    <ClInclude Include="g_lua.h">
      <Filter>Header Files</Filter>
    </ClInclude>
    <ClInclude Include="..\SRC\Interfaces\g_lua\g_lua.h">
      <Filter>Header Files\Interfaces\g_lua</Filter>
    </ClInclude>
  </ItemGroup>
</Project>