<?xml version="1.0" encoding="utf-8"?>
<Project ToolsVersion="4.0" xmlns="http://schemas.microsoft.com/developer/msbuild/2003">
  <ItemGroup>
    <Filter Include="Source Files">
      <UniqueIdentifier>{4FC737F1-C7A5-4376-A066-2A32D752A2FF}</UniqueIdentifier>
      <Extensions>cpp;c;cc;cxx;def;odl;idl;hpj;bat;asm;asmx</Extensions>
    </Filter>
    <Filter Include="Header Files">
      <UniqueIdentifier>{93995380-89BD-4b04-88EB-625FBE52EBFB}</UniqueIdentifier>
      <Extensions>h;hh;hpp;hxx;hm;inl;inc;xsd</Extensions>
    </Filter>
    <Filter Include="Header Files\Utilities">
      <UniqueIdentifier>{d0159cc2-85a3-47e4-af32-65d90c4dbc2f}</UniqueIdentifier>
    </Filter>
    <Filter Include="Header Files\Utilities\g">
      <UniqueIdentifier>{ff12d55b-9ccb-4bd7-a27e-14640633a0cc}</UniqueIdentifier>
    </Filter>
    <Filter Include="Header Files\Utilities\g_exception">
      <UniqueIdentifier>{1192f9b7-2676-4dd9-830a-61c300bdcaa5}</UniqueIdentifier>
    </Filter>
    <Filter Include="Header Files\Utilities\g_console">
      <UniqueIdentifier>{ca004c0b-c530-417f-88e4-c9ebcfcd2854}</UniqueIdentifier>
    </Filter>
  </ItemGroup>
  <ItemGroup>
    <ClCompile Include="..\SRC\Main.cpp">
      <Filter>Source Files</Filter>
    </ClCompile>
    <ClCompile Include="..\SRC\Utilities\g\g.cpp">
      <Filter>Header Files\Utilities\g</Filter>
    </ClCompile>
    <ClCompile Include="..\SRC\Utilities\g_exception\g_exception.cpp">
      <Filter>Header Files\Utilities\g_exception</Filter>
    </ClCompile>
    <ClCompile Include="..\SRC\Utilities\g_console\g_console.cpp">
      <Filter>Header Files\Utilities\g_console</Filter>
    </ClCompile>
  </ItemGroup>
  <ItemGroup>
    <ClInclude Include="..\SRC\sdk.h">
      <Filter>Header Files</Filter>
    </ClInclude>
    <ClInclude Include="..\SRC\Utilities\g_utillist.h">
      <Filter>Header Files\Utilities</Filter>
    </ClInclude>
    <ClInclude Include="..\SRC\Utilities\g\g.h">
      <Filter>Header Files\Utilities\g</Filter>
    </ClInclude>
    <ClInclude Include="..\SRC\Utilities\g_exception\g_exception.h">
      <Filter>Header Files\Utilities\g_exception</Filter>
    </ClInclude>
    <ClInclude Include="..\SRC\Utilities\g_console\g_console.h">
      <Filter>Header Files\Utilities\g_console</Filter>
    </ClInclude>
  </ItemGroup>
</Project>